
Microsoft Visual Studio Solution File, Format Version 12.00
# Visual Studio 15
VisualStudioVersion = 15.0.28307.489
MinimumVisualStudioVersion = 10.0.40219.1
Project("{FAE04EC0-301F-11D3-BF4B-00C04F79EFBC}") = "Registration", "Registration\Registration.csproj", "{9CD7D649-E810-4061-A139-A1042D65C30E}"
EndProject
Project("{FAE04EC0-301F-11D3-BF4B-00C04F79EFBC}") = "RegistrationApi", "RegistrationApi\RegistrationApi.csproj", "{61D90407-5372-4444-A4AA-308182DBF97B}"
EndProject
Global
	GlobalSection(SolutionConfigurationPlatforms) = preSolution
		Debug|Any CPU = Debug|Any CPU
		Release|Any CPU = Release|Any CPU
	EndGlobalSection
	GlobalSection(ProjectConfigurationPlatforms) = postSolution
		{9CD7D649-E810-4061-A139-A1042D65C30E}.Debug|Any CPU.ActiveCfg = Debug|Any CPU
		{9CD7D649-E810-4061-A139-A1042D65C30E}.Debug|Any CPU.Build.0 = Debug|Any CPU
		{9CD7D649-E810-4061-A139-A1042D65C30E}.Release|Any CPU.ActiveCfg = Release|Any CPU
		{9CD7D649-E810-4061-A139-A1042D65C30E}.Release|Any CPU.Build.0 = Release|Any CPU
		{61D90407-5372-4444-A4AA-308182DBF97B}.Debug|Any CPU.ActiveCfg = Debug|Any CPU
		{61D90407-5372-4444-A4AA-308182DBF97B}.Debug|Any CPU.Build.0 = Debug|Any CPU
		{61D90407-5372-4444-A4AA-308182DBF97B}.Release|Any CPU.ActiveCfg = Release|Any CPU
		{61D90407-5372-4444-A4AA-308182DBF97B}.Release|Any CPU.Build.0 = Release|Any CPU
	EndGlobalSection
	GlobalSection(SolutionProperties) = preSolution
		HideSolutionNode = FALSE
	EndGlobalSection
	GlobalSection(ExtensibilityGlobals) = postSolution
		SolutionGuid = {D11B8810-D26D-4CB2-9E03-8DB2A320CC18}
	EndGlobalSection
EndGlobal
